
Microsoft Visual Studio Solution File, Format Version 12.00
# Visual Studio Version 16
VisualStudioVersion = 16.0.30503.244
MinimumVisualStudioVersion = 10.0.40219.1
Project("{FAE04EC0-301F-11D3-BF4B-00C04F79EFBC}") = "TorrentClient", "TorrentClient.csproj", "{1FAA000B-1ECB-4A66-9299-DB22C01908FC}"
EndProject
Project("{FAE04EC0-301F-11D3-BF4B-00C04F79EFBC}") = "TorrentTest", "..\TorrentTest\TorrentTest.csproj", "{C81A0B07-7C5A-4EDF-97A5-071C3F52C81D}"
EndProject
Project("{FAE04EC0-301F-11D3-BF4B-00C04F79EFBC}") = "TrackerTest", "..\TrackerTest\TrackerTest.csproj", "{F340D167-BA1A-4A1E-8318-135D9E143362}"
EndProject
Project("{FAE04EC0-301F-11D3-BF4B-00C04F79EFBC}") = "TorrentTracker", "..\TorrentTracker\TorrentTracker.csproj", "{3CA78FA2-E943-4CE9-A4C7-D1CE8AFF560D}"
EndProject
Global
	GlobalSection(SolutionConfigurationPlatforms) = preSolution
		Debug|Any CPU = Debug|Any CPU
		Debug|x64 = Debug|x64
		Debug|x86 = Debug|x86
		Release|Any CPU = Release|Any CPU
		Release|x64 = Release|x64
		Release|x86 = Release|x86
	EndGlobalSection
	GlobalSection(ProjectConfigurationPlatforms) = postSolution
		{1FAA000B-1ECB-4A66-9299-DB22C01908FC}.Debug|Any CPU.ActiveCfg = Debug|Any CPU
		{1FAA000B-1ECB-4A66-9299-DB22C01908FC}.Debug|Any CPU.Build.0 = Debug|Any CPU
		{1FAA000B-1ECB-4A66-9299-DB22C01908FC}.Debug|x64.ActiveCfg = Debug|Any CPU
		{1FAA000B-1ECB-4A66-9299-DB22C01908FC}.Debug|x64.Build.0 = Debug|Any CPU
		{1FAA000B-1ECB-4A66-9299-DB22C01908FC}.Debug|x86.ActiveCfg = Debug|Any CPU
		{1FAA000B-1ECB-4A66-9299-DB22C01908FC}.Debug|x86.Build.0 = Debug|Any CPU
		{1FAA000B-1ECB-4A66-9299-DB22C01908FC}.Release|Any CPU.ActiveCfg = Release|Any CPU
		{1FAA000B-1ECB-4A66-9299-DB22C01908FC}.Release|Any CPU.Build.0 = Release|Any CPU
		{1FAA000B-1ECB-4A66-9299-DB22C01908FC}.Release|x64.ActiveCfg = Release|Any CPU
		{1FAA000B-1ECB-4A66-9299-DB22C01908FC}.Release|x64.Build.0 = Release|Any CPU
		{1FAA000B-1ECB-4A66-9299-DB22C01908FC}.Release|x86.ActiveCfg = Release|Any CPU
		{1FAA000B-1ECB-4A66-9299-DB22C01908FC}.Release|x86.Build.0 = Release|Any CPU
		{C81A0B07-7C5A-4EDF-97A5-071C3F52C81D}.Debug|Any CPU.ActiveCfg = Debug|Any CPU
		{C81A0B07-7C5A-4EDF-97A5-071C3F52C81D}.Debug|Any CPU.Build.0 = Debug|Any CPU
		{C81A0B07-7C5A-4EDF-97A5-071C3F52C81D}.Debug|x64.ActiveCfg = Debug|Any CPU
		{C81A0B07-7C5A-4EDF-97A5-071C3F52C81D}.Debug|x64.Build.0 = Debug|Any CPU
		{C81A0B07-7C5A-4EDF-97A5-071C3F52C81D}.Debug|x86.ActiveCfg = Debug|Any CPU
		{C81A0B07-7C5A-4EDF-97A5-071C3F52C81D}.Debug|x86.Build.0 = Debug|Any CPU
		{C81A0B07-7C5A-4EDF-97A5-071C3F52C81D}.Release|Any CPU.ActiveCfg = Release|Any CPU
		{C81A0B07-7C5A-4EDF-97A5-071C3F52C81D}.Release|Any CPU.Build.0 = Release|Any CPU
		{C81A0B07-7C5A-4EDF-97A5-071C3F52C81D}.Release|x64.ActiveCfg = Release|Any CPU
		{C81A0B07-7C5A-4EDF-97A5-071C3F52C81D}.Release|x64.Build.0 = Release|Any CPU
		{C81A0B07-7C5A-4EDF-97A5-071C3F52C81D}.Release|x86.ActiveCfg = Release|Any CPU
		{C81A0B07-7C5A-4EDF-97A5-071C3F52C81D}.Release|x86.Build.0 = Release|Any CPU
		{F340D167-BA1A-4A1E-8318-135D9E143362}.Debug|Any CPU.ActiveCfg = Debug|Any CPU
		{F340D167-BA1A-4A1E-8318-135D9E143362}.Debug|Any CPU.Build.0 = Debug|Any CPU
		{F340D167-BA1A-4A1E-8318-135D9E143362}.Debug|x64.ActiveCfg = Debug|Any CPU
		{F340D167-BA1A-4A1E-8318-135D9E143362}.Debug|x64.Build.0 = Debug|Any CPU
		{F340D167-BA1A-4A1E-8318-135D9E143362}.Debug|x86.ActiveCfg = Debug|Any CPU
		{F340D167-BA1A-4A1E-8318-135D9E143362}.Debug|x86.Build.0 = Debug|Any CPU
		{F340D167-BA1A-4A1E-8318-135D9E143362}.Release|Any CPU.ActiveCfg = Release|Any CPU
		{F340D167-BA1A-4A1E-8318-135D9E143362}.Release|Any CPU.Build.0 = Release|Any CPU
		{F340D167-BA1A-4A1E-8318-135D9E143362}.Release|x64.ActiveCfg = Release|Any CPU
		{F340D167-BA1A-4A1E-8318-135D9E143362}.Release|x64.Build.0 = Release|Any CPU
		{F340D167-BA1A-4A1E-8318-135D9E143362}.Release|x86.ActiveCfg = Release|Any CPU
		{F340D167-BA1A-4A1E-8318-135D9E143362}.Release|x86.Build.0 = Release|Any CPU
		{3CA78FA2-E943-4CE9-A4C7-D1CE8AFF560D}.Debug|Any CPU.ActiveCfg = Debug|Any CPU
		{3CA78FA2-E943-4CE9-A4C7-D1CE8AFF560D}.Debug|Any CPU.Build.0 = Debug|Any CPU
		{3CA78FA2-E943-4CE9-A4C7-D1CE8AFF560D}.Debug|x64.ActiveCfg = Debug|Any CPU
		{3CA78FA2-E943-4CE9-A4C7-D1CE8AFF560D}.Debug|x64.Build.0 = Debug|Any CPU
		{3CA78FA2-E943-4CE9-A4C7-D1CE8AFF560D}.Debug|x86.ActiveCfg = Debug|Any CPU
		{3CA78FA2-E943-4CE9-A4C7-D1CE8AFF560D}.Debug|x86.Build.0 = Debug|Any CPU
		{3CA78FA2-E943-4CE9-A4C7-D1CE8AFF560D}.Release|Any CPU.ActiveCfg = Release|Any CPU
		{3CA78FA2-E943-4CE9-A4C7-D1CE8AFF560D}.Release|Any CPU.Build.0 = Release|Any CPU
		{3CA78FA2-E943-4CE9-A4C7-D1CE8AFF560D}.Release|x64.ActiveCfg = Release|Any CPU
		{3CA78FA2-E943-4CE9-A4C7-D1CE8AFF560D}.Release|x64.Build.0 = Release|Any CPU
		{3CA78FA2-E943-4CE9-A4C7-D1CE8AFF560D}.Release|x86.ActiveCfg = Release|Any CPU
		{3CA78FA2-E943-4CE9-A4C7-D1CE8AFF560D}.Release|x86.Build.0 = Release|Any CPU
	EndGlobalSection
	GlobalSection(SolutionProperties) = preSolution
		HideSolutionNode = FALSE
	EndGlobalSection
	GlobalSection(ExtensibilityGlobals) = postSolution
		SolutionGuid = {CF2AAB3E-CF8D-4E25-88C9-2BEDAB3D2BAF}
	EndGlobalSection
EndGlobal
